<?xml version="1.0" encoding="utf-8"?>
<Project ToolsVersion="4.0" xmlns="http://schemas.microsoft.com/developer/msbuild/2003">
  <ItemGroup>
    <Filter Include="소스 파일">
      <UniqueIdentifier>{4FC737F1-C7A5-4376-A066-2A32D752A2FF}</UniqueIdentifier>
      <Extensions>cpp;c;cc;cxx;c++;cppm;ixx;def;odl;idl;hpj;bat;asm;asmx</Extensions>
    </Filter>
    <Filter Include="헤더 파일">
      <UniqueIdentifier>{93995380-89BD-4b04-88EB-625FBE52EBFB}</UniqueIdentifier>
      <Extensions>h;hh;hpp;hxx;h++;hm;inl;inc;ipp;xsd</Extensions>
    </Filter>
    <Filter Include="리소스 파일">
      <UniqueIdentifier>{67DA6AB6-F800-4c08-8B7A-83BB121AAD01}</UniqueIdentifier>
      <Extensions>rc;ico;cur;bmp;dlg;rc2;rct;bin;rgs;gif;jpg;jpeg;jpe;resx;tiff;tif;png;wav;mfcribbon-ms</Extensions>
    </Filter>
    <Filter Include="소스 파일\Producer">
      <UniqueIdentifier>{9bc8c237-6aba-4c2c-90f3-1ed996d27e6a}</UniqueIdentifier>
    </Filter>
    <Filter Include="소스 파일\Producer\UserInput">
      <UniqueIdentifier>{59460a8c-97a2-44af-9315-e640947bc691}</UniqueIdentifier>
    </Filter>
    <Filter Include="소스 파일\Producer\BallInput">
      <UniqueIdentifier>{dbe6bc48-1c92-4428-886a-631f964b4e8e}</UniqueIdentifier>
    </Filter>
    <Filter Include="소스 파일\Producer\BatInput">
      <UniqueIdentifier>{47379afd-9b6d-4ed0-9222-9a9752d13011}</UniqueIdentifier>
    </Filter>
    <Filter Include="소스 파일\MessageQueue">
      <UniqueIdentifier>{bedfd4e6-fd6a-47b2-af55-7fb1b4045d96}</UniqueIdentifier>
    </Filter>
    <Filter Include="소스 파일\Command">
      <UniqueIdentifier>{e4e1f092-9e46-4a77-9124-1d653e91c4ba}</UniqueIdentifier>
    </Filter>
    <Filter Include="소스 파일\Consumer">
      <UniqueIdentifier>{c0ac987b-2992-41f4-8d16-048eb22439de}</UniqueIdentifier>
    </Filter>
    <Filter Include="소스 파일\Command\User">
      <UniqueIdentifier>{81dc56ed-e0ce-4ce1-a468-4beba550a012}</UniqueIdentifier>
    </Filter>
    <Filter Include="소스 파일\CalcStrategy">
      <UniqueIdentifier>{25789779-ba08-49f3-8b2d-13b142e4980a}</UniqueIdentifier>
    </Filter>
    <Filter Include="소스 파일\Command\Calc">
      <UniqueIdentifier>{7da1625f-93f2-4026-b43b-20352ae05a57}</UniqueIdentifier>
    </Filter>
  </ItemGroup>
  <ItemGroup>
    <ClCompile Include="ABSpp_System.cpp">
      <Filter>소스 파일</Filter>
    </ClCompile>
    <ClCompile Include="UserInputInterfaceAdapter.cpp">
      <Filter>소스 파일\Producer\UserInput</Filter>
    </ClCompile>
    <ClCompile Include="UserInputInterface.cpp">
      <Filter>소스 파일\Producer\UserInput</Filter>
    </ClCompile>
    <ClCompile Include="BallInputInterface.cpp">
      <Filter>소스 파일\Producer\BallInput</Filter>
    </ClCompile>
    <ClCompile Include="BallInputInterfaceAdapter.cpp">
      <Filter>소스 파일\Producer\BallInput</Filter>
    </ClCompile>
    <ClCompile Include="BatInputInterface.cpp">
      <Filter>소스 파일\Producer\BatInput</Filter>
    </ClCompile>
    <ClCompile Include="BatInputInterfaceAdapter.cpp">
      <Filter>소스 파일\Producer\BatInput</Filter>
    </ClCompile>
    <ClCompile Include="MessageQueue.cpp">
      <Filter>소스 파일\MessageQueue</Filter>
    </ClCompile>
    <ClCompile Include="DataSaveSystem.cpp">
      <Filter>소스 파일\Consumer</Filter>
    </ClCompile>
    <ClCompile Include="turnOnOffCommand.cpp">
      <Filter>소스 파일\Command\User</Filter>
    </ClCompile>
    <ClCompile Include="GetBallStrikeCommand.cpp">
      <Filter>소스 파일\Command\User</Filter>
    </ClCompile>
    <ClCompile Include="TotalCheck.cpp">
      <Filter>소스 파일\Consumer</Filter>
    </ClCompile>
    <ClCompile Include="Schedular.cpp">
      <Filter>소스 파일\Consumer</Filter>
    </ClCompile>
    <ClCompile Include="BallCalcAlgorithm.cpp">
      <Filter>소스 파일\CalcStrategy</Filter>
    </ClCompile>
    <ClCompile Include="BatCalcAlgorithm.cpp">
      <Filter>소스 파일\CalcStrategy</Filter>
    </ClCompile>
    <ClCompile Include="CalculationSystem.cpp">
      <Filter>소스 파일\Consumer</Filter>
    </ClCompile>
    <ClCompile Include="BatterDataInputCommand.cpp">
      <Filter>소스 파일\Command\Calc</Filter>
    </ClCompile>
    <ClCompile Include="BallTraceCalcCommand.cpp">
      <Filter>소스 파일\Command\Calc</Filter>
    </ClCompile>
    <ClCompile Include="BatTraceCalcCommand.cpp">
      <Filter>소스 파일\Command\Calc</Filter>
    </ClCompile>
    <ClCompile Include="Server.cpp">
      <Filter>소스 파일\Consumer</Filter>
    </ClCompile>
  </ItemGroup>
  <ItemGroup>
    <ClInclude Include="IUserInputInterface.h">
      <Filter>소스 파일\Producer\UserInput</Filter>
    </ClInclude>
    <ClInclude Include="UserInputInterface.h">
      <Filter>소스 파일\Producer\UserInput</Filter>
    </ClInclude>
    <ClInclude Include="UserInputInterfaceAdapter.h">
      <Filter>소스 파일\Producer\UserInput</Filter>
    </ClInclude>
    <ClInclude Include="IBallInputInterface.h">
      <Filter>소스 파일\Producer\BallInput</Filter>
    </ClInclude>
    <ClInclude Include="UserDefineType.h">
      <Filter>소스 파일</Filter>
    </ClInclude>
    <ClInclude Include="BallInputInterface.h">
      <Filter>소스 파일\Producer\BallInput</Filter>
    </ClInclude>
    <ClInclude Include="BallInputInterfaceAdapter.h">
      <Filter>소스 파일\Producer\BallInput</Filter>
    </ClInclude>
    <ClInclude Include="IBatInputInterface.h">
      <Filter>소스 파일\Producer\BatInput</Filter>
    </ClInclude>
    <ClInclude Include="BatInputInterface.h">
      <Filter>소스 파일\Producer\BatInput</Filter>
    </ClInclude>
    <ClInclude Include="BatInputInterfaceAdapter.h">
      <Filter>소스 파일\Producer\BatInput</Filter>
    </ClInclude>
    <ClInclude Include="IMessageQueue.h">
      <Filter>소스 파일\MessageQueue</Filter>
    </ClInclude>
    <ClInclude Include="abstractCommand.h">
      <Filter>소스 파일\Command</Filter>
    </ClInclude>
    <ClInclude Include="MessageQueue.h">
      <Filter>소스 파일\MessageQueue</Filter>
    </ClInclude>
    <ClInclude Include="TotalCheck.h">
      <Filter>소스 파일\Consumer</Filter>
    </ClInclude>
    <ClInclude Include="DataSaveSystem.h">
      <Filter>소스 파일\Consumer</Filter>
    </ClInclude>
    <ClInclude Include="UserCommand.h">
      <Filter>소스 파일\Command\User</Filter>
    </ClInclude>
    <ClInclude Include="turnOnOffCommand.h">
      <Filter>소스 파일\Command\User</Filter>
    </ClInclude>
    <ClInclude Include="GetBallStrikeCommand.h">
      <Filter>소스 파일\Command\User</Filter>
    </ClInclude>
    <ClInclude Include="Schedular.h">
      <Filter>소스 파일\Consumer</Filter>
    </ClInclude>
    <ClInclude Include="CalculationSystem.h">
      <Filter>소스 파일\Consumer</Filter>
    </ClInclude>
    <ClInclude Include="ICalcAlgorithm.h">
      <Filter>소스 파일\CalcStrategy</Filter>
    </ClInclude>
    <ClInclude Include="IBallCalcAlgorithm.h">
      <Filter>소스 파일\CalcStrategy</Filter>
    </ClInclude>
    <ClInclude Include="BallCalcAlgorithm.h">
      <Filter>소스 파일\CalcStrategy</Filter>
    </ClInclude>
    <ClInclude Include="IBatCalcAlgorithm.h">
      <Filter>소스 파일\CalcStrategy</Filter>
    </ClInclude>
    <ClInclude Include="BatCalcAlgorithm.h">
      <Filter>소스 파일\CalcStrategy</Filter>
    </ClInclude>
    <ClInclude Include="CalcCommand.h">
      <Filter>소스 파일\Command\Calc</Filter>
    </ClInclude>
    <ClInclude Include="BatterDataInputCommand.h">
      <Filter>소스 파일\Command\Calc</Filter>
    </ClInclude>
    <ClInclude Include="BallTraceCalcCommand.h">
      <Filter>소스 파일\Command\Calc</Filter>
    </ClInclude>
    <ClInclude Include="BatTraceCalcCommand.h">
      <Filter>소스 파일\Command\Calc</Filter>
    </ClInclude>
    <ClInclude Include="Server.h">
      <Filter>소스 파일\Consumer</Filter>
    </ClInclude>
  </ItemGroup>
  <ItemGroup>
    <Text Include="TestDataBall.txt">
      <Filter>리소스 파일</Filter>
    </Text>
    <Text Include="TestDataBat.txt">
      <Filter>리소스 파일</Filter>
    </Text>
  </ItemGroup>
</Project>